
Microsoft Visual Studio Solution File, Format Version 12.00
# Visual Studio 15
VisualStudioVersion = 15.0.27004.2009
MinimumVisualStudioVersion = 10.0.40219.1
Project("{9A19103F-16F7-4668-BE54-9A1E7A4F7556}") = "aehyok.NLog", "aehyok.NLog\aehyok.NLog.csproj", "{0E558616-25EB-42E1-80E4-1D1F96D21A97}"
EndProject
Project("{9A19103F-16F7-4668-BE54-9A1E7A4F7556}") = "aehyok.SignalR.Server", "aehyok.SignalR.Server\aehyok.SignalR.Server.csproj", "{3ED6984D-8CFC-4736-AAA8-E61E1641752E}"
EndProject
Project("{9A19103F-16F7-4668-BE54-9A1E7A4F7556}") = "aehyok.SignalR.Client", "aehyok.SignalR.Client\aehyok.SignalR.Client.csproj", "{7B3F191D-A842-4DF0-BAFB-F34FDF97EF09}"
EndProject
Global
	GlobalSection(SolutionConfigurationPlatforms) = preSolution
		Debug|Any CPU = Debug|Any CPU
		Release|Any CPU = Release|Any CPU
	EndGlobalSection
	GlobalSection(ProjectConfigurationPlatforms) = postSolution
		{0E558616-25EB-42E1-80E4-1D1F96D21A97}.Debug|Any CPU.ActiveCfg = Debug|Any CPU
		{0E558616-25EB-42E1-80E4-1D1F96D21A97}.Debug|Any CPU.Build.0 = Debug|Any CPU
		{0E558616-25EB-42E1-80E4-1D1F96D21A97}.Release|Any CPU.ActiveCfg = Release|Any CPU
		{0E558616-25EB-42E1-80E4-1D1F96D21A97}.Release|Any CPU.Build.0 = Release|Any CPU
		{3ED6984D-8CFC-4736-AAA8-E61E1641752E}.Debug|Any CPU.ActiveCfg = Debug|Any CPU
		{3ED6984D-8CFC-4736-AAA8-E61E1641752E}.Debug|Any CPU.Build.0 = Debug|Any CPU
		{3ED6984D-8CFC-4736-AAA8-E61E1641752E}.Release|Any CPU.ActiveCfg = Release|Any CPU
		{3ED6984D-8CFC-4736-AAA8-E61E1641752E}.Release|Any CPU.Build.0 = Release|Any CPU
		{7B3F191D-A842-4DF0-BAFB-F34FDF97EF09}.Debug|Any CPU.ActiveCfg = Debug|Any CPU
		{7B3F191D-A842-4DF0-BAFB-F34FDF97EF09}.Debug|Any CPU.Build.0 = Debug|Any CPU
		{7B3F191D-A842-4DF0-BAFB-F34FDF97EF09}.Release|Any CPU.ActiveCfg = Release|Any CPU
		{7B3F191D-A842-4DF0-BAFB-F34FDF97EF09}.Release|Any CPU.Build.0 = Release|Any CPU
	EndGlobalSection
	GlobalSection(SolutionProperties) = preSolution
		HideSolutionNode = FALSE
	EndGlobalSection
	GlobalSection(ExtensibilityGlobals) = postSolution
		SolutionGuid = {8B16BE8D-B320-4179-BD82-C4100A7FBC09}
	EndGlobalSection
EndGlobal
