
Microsoft Visual Studio Solution File, Format Version 12.00
# Visual Studio 15
VisualStudioVersion = 15.0.26430.4
MinimumVisualStudioVersion = 10.0.40219.1
Project("{9A19103F-16F7-4668-BE54-9A1E7A4F7556}") = "aehyok.Web", "aehyok.Web\aehyok.Web.csproj", "{A25B2A99-A051-45F3-8C46-436494B0A48A}"
EndProject
Project("{9A19103F-16F7-4668-BE54-9A1E7A4F7556}") = "aehyok.Core", "aehyok.Core\aehyok.Core.csproj", "{D4442B7B-DA6C-43BF-AC51-03CE8E136D11}"
EndProject
Project("{9A19103F-16F7-4668-BE54-9A1E7A4F7556}") = "aehyok.Base", "aehyok.Base\aehyok.Base.csproj", "{8FFA194B-2429-4FE5-8AB7-B357D5E3C5BE}"
EndProject
Project("{9A19103F-16F7-4668-BE54-9A1E7A4F7556}") = "aehyok.WebApi", "aehyok.WebApi\aehyok.WebApi.csproj", "{43AA1010-1934-43D6-87E2-58F69FFF3C5F}"
EndProject
Project("{9A19103F-16F7-4668-BE54-9A1E7A4F7556}") = "aehyok.WebApi.OAuth", "aehyok.WebApi.OAuth\aehyok.WebApi.OAuth.csproj", "{5F3CB57E-D7A2-4E9E-BE0B-EA8E9F483A7B}"
EndProject
Project("{FAE04EC0-301F-11D3-BF4B-00C04F79EFBC}") = "aehyok.Core.Data.Entity", "aehyok.Core.Data.Entity\aehyok.Core.Data.Entity.csproj", "{42E34D34-6A4A-4444-A486-418A88850C23}"
EndProject
Project("{9A19103F-16F7-4668-BE54-9A1E7A4F7556}") = "aehyok.Model", "aehyok.Model\aehyok.Model.csproj", "{F037C374-63A1-476D-A28B-BF7C64676705}"
EndProject
Global
	GlobalSection(SolutionConfigurationPlatforms) = preSolution
		Debug|Any CPU = Debug|Any CPU
		Release|Any CPU = Release|Any CPU
	EndGlobalSection
	GlobalSection(ProjectConfigurationPlatforms) = postSolution
		{A25B2A99-A051-45F3-8C46-436494B0A48A}.Debug|Any CPU.ActiveCfg = Debug|Any CPU
		{A25B2A99-A051-45F3-8C46-436494B0A48A}.Debug|Any CPU.Build.0 = Debug|Any CPU
		{A25B2A99-A051-45F3-8C46-436494B0A48A}.Release|Any CPU.ActiveCfg = Release|Any CPU
		{A25B2A99-A051-45F3-8C46-436494B0A48A}.Release|Any CPU.Build.0 = Release|Any CPU
		{D4442B7B-DA6C-43BF-AC51-03CE8E136D11}.Debug|Any CPU.ActiveCfg = Debug|Any CPU
		{D4442B7B-DA6C-43BF-AC51-03CE8E136D11}.Debug|Any CPU.Build.0 = Debug|Any CPU
		{D4442B7B-DA6C-43BF-AC51-03CE8E136D11}.Release|Any CPU.ActiveCfg = Release|Any CPU
		{D4442B7B-DA6C-43BF-AC51-03CE8E136D11}.Release|Any CPU.Build.0 = Release|Any CPU
		{8FFA194B-2429-4FE5-8AB7-B357D5E3C5BE}.Debug|Any CPU.ActiveCfg = Debug|Any CPU
		{8FFA194B-2429-4FE5-8AB7-B357D5E3C5BE}.Debug|Any CPU.Build.0 = Debug|Any CPU
		{8FFA194B-2429-4FE5-8AB7-B357D5E3C5BE}.Release|Any CPU.ActiveCfg = Release|Any CPU
		{8FFA194B-2429-4FE5-8AB7-B357D5E3C5BE}.Release|Any CPU.Build.0 = Release|Any CPU
		{43AA1010-1934-43D6-87E2-58F69FFF3C5F}.Debug|Any CPU.ActiveCfg = Debug|Any CPU
		{43AA1010-1934-43D6-87E2-58F69FFF3C5F}.Debug|Any CPU.Build.0 = Debug|Any CPU
		{43AA1010-1934-43D6-87E2-58F69FFF3C5F}.Release|Any CPU.ActiveCfg = Release|Any CPU
		{43AA1010-1934-43D6-87E2-58F69FFF3C5F}.Release|Any CPU.Build.0 = Release|Any CPU
		{5F3CB57E-D7A2-4E9E-BE0B-EA8E9F483A7B}.Debug|Any CPU.ActiveCfg = Debug|Any CPU
		{5F3CB57E-D7A2-4E9E-BE0B-EA8E9F483A7B}.Debug|Any CPU.Build.0 = Debug|Any CPU
		{5F3CB57E-D7A2-4E9E-BE0B-EA8E9F483A7B}.Release|Any CPU.ActiveCfg = Release|Any CPU
		{5F3CB57E-D7A2-4E9E-BE0B-EA8E9F483A7B}.Release|Any CPU.Build.0 = Release|Any CPU
		{42E34D34-6A4A-4444-A486-418A88850C23}.Debug|Any CPU.ActiveCfg = Debug|Any CPU
		{42E34D34-6A4A-4444-A486-418A88850C23}.Debug|Any CPU.Build.0 = Debug|Any CPU
		{42E34D34-6A4A-4444-A486-418A88850C23}.Release|Any CPU.ActiveCfg = Release|Any CPU
		{42E34D34-6A4A-4444-A486-418A88850C23}.Release|Any CPU.Build.0 = Release|Any CPU
		{F037C374-63A1-476D-A28B-BF7C64676705}.Debug|Any CPU.ActiveCfg = Debug|Any CPU
		{F037C374-63A1-476D-A28B-BF7C64676705}.Debug|Any CPU.Build.0 = Debug|Any CPU
		{F037C374-63A1-476D-A28B-BF7C64676705}.Release|Any CPU.ActiveCfg = Release|Any CPU
		{F037C374-63A1-476D-A28B-BF7C64676705}.Release|Any CPU.Build.0 = Release|Any CPU
	EndGlobalSection
	GlobalSection(SolutionProperties) = preSolution
		HideSolutionNode = FALSE
	EndGlobalSection
EndGlobal
