
Microsoft Visual Studio Solution File, Format Version 12.00
# Visual Studio 15
VisualStudioVersion = 15.0.26730.12
MinimumVisualStudioVersion = 10.0.40219.1
Project("{9A19103F-16F7-4668-BE54-9A1E7A4F7556}") = "aehyok.Web", "aehyok.Web\aehyok.Web.csproj", "{A25B2A99-A051-45F3-8C46-436494B0A48A}"
EndProject
Project("{9A19103F-16F7-4668-BE54-9A1E7A4F7556}") = "aehyok.Core", "aehyok.Core\aehyok.Core.csproj", "{D4442B7B-DA6C-43BF-AC51-03CE8E136D11}"
EndProject
Project("{9A19103F-16F7-4668-BE54-9A1E7A4F7556}") = "aehyok.Base", "aehyok.Base\aehyok.Base.csproj", "{8FFA194B-2429-4FE5-8AB7-B357D5E3C5BE}"
EndProject
Project("{9A19103F-16F7-4668-BE54-9A1E7A4F7556}") = "aehyok.WebApi", "aehyok.WebApi\aehyok.WebApi.csproj", "{43AA1010-1934-43D6-87E2-58F69FFF3C5F}"
EndProject
Project("{9A19103F-16F7-4668-BE54-9A1E7A4F7556}") = "aehyok.Core.Data.Entity", "aehyok.Core.Data.Entity\aehyok.Core.Data.Entity.csproj", "{42E34D34-6A4A-4444-A486-418A88850C23}"
EndProject
Project("{9A19103F-16F7-4668-BE54-9A1E7A4F7556}") = "aehyok.Model", "aehyok.Model\aehyok.Model.csproj", "{F037C374-63A1-476D-A28B-BF7C64676705}"
EndProject
Project("{9A19103F-16F7-4668-BE54-9A1E7A4F7556}") = "aehyok.NLog", "aehyok.NLog\aehyok.NLog.csproj", "{0E558616-25EB-42E1-80E4-1D1F96D21A97}"
EndProject
Project("{9A19103F-16F7-4668-BE54-9A1E7A4F7556}") = "aehyok.Contracts", "aehyok.Contracts\aehyok.Contracts.csproj", "{4732AFE9-BA94-4F51-93BE-6FB0D8C0622B}"
EndProject
Project("{9A19103F-16F7-4668-BE54-9A1E7A4F7556}") = "aehyok.Services", "aehyok.Services\aehyok.Services.csproj", "{79F56E4D-7EEA-4F1A-A94A-F8930CA731BD}"
EndProject
Project("{2150E333-8FDC-42A3-9474-1A3956D46DE8}") = "1-Infrastructure", "1-Infrastructure", "{6D3952E2-C26B-44C5-BECB-B9C7EC7AE623}"
EndProject
Project("{2150E333-8FDC-42A3-9474-1A3956D46DE8}") = "2-Application", "2-Application", "{382CF390-EAB7-4A0E-9576-DE8D9135AA3B}"
EndProject
Project("{2150E333-8FDC-42A3-9474-1A3956D46DE8}") = "3-Presentation", "3-Presentation", "{28D18EC5-9238-470B-ADF1-2C0981669BDF}"
EndProject
Project("{2150E333-8FDC-42A3-9474-1A3956D46DE8}") = "4-Extend", "4-Extend", "{C36813B2-8C07-4648-91EC-0E8990F7156E}"
EndProject
Project("{9A19103F-16F7-4668-BE54-9A1E7A4F7556}") = "aehyok.Utility", "aehyok.Utility\aehyok.Utility.csproj", "{5F20DCEB-6E42-4EF2-913A-B1C817A0AB7A}"
EndProject
Project("{9A19103F-16F7-4668-BE54-9A1E7A4F7556}") = "aehyok.IdentityServer", "aehyok.IdentityServer\aehyok.IdentityServer.csproj", "{60F1A58B-A162-4E2A-B640-E6A5F2835866}"
EndProject
Project("{9A19103F-16F7-4668-BE54-9A1E7A4F7556}") = "aehyok.Zxing", "aehyok.Zxing\aehyok.Zxing.csproj", "{DB420E68-96D6-44F8-A117-F3CE096993DC}"
EndProject
Project("{9A19103F-16F7-4668-BE54-9A1E7A4F7556}") = "aehyok.Dapper", "aehyok.Dapper\aehyok.Dapper.csproj", "{EB36AD09-3AB1-456C-AE83-FCBC94D1E224}"
EndProject
Project("{9A19103F-16F7-4668-BE54-9A1E7A4F7556}") = "aehyok.Dapper.Model", "aehyok.Dapper.Model\aehyok.Dapper.Model.csproj", "{55742852-A941-46D8-8630-2355E2B33FDB}"
EndProject
Project("{9A19103F-16F7-4668-BE54-9A1E7A4F7556}") = "aehyok.UnitTest", "aehyok.UnitTest\aehyok.UnitTest.csproj", "{35896C40-7CEF-40AC-AEED-86205A850B74}"
EndProject
Project("{9A19103F-16F7-4668-BE54-9A1E7A4F7556}") = "aehyok.NPOI", "aehyok.NPOI\aehyok.NPOI.csproj", "{FE2BDBB0-A9B5-450B-B0A6-D676FD2A618B}"
EndProject
Project("{FAE04EC0-301F-11D3-BF4B-00C04F79EFBC}") = "aehyok.ViewModel", "aehyok.ViewModel\aehyok.ViewModel.csproj", "{33B31367-6C1F-486E-88E2-2F0AE7CDB6DC}"
EndProject
Project("{2150E333-8FDC-42A3-9474-1A3956D46DE8}") = "5-DataBase", "5-DataBase", "{2F5CB067-8AFC-4A27-8A29-A56BA88F660A}"
	ProjectSection(SolutionItems) = preProject
		aehyokCore2.mdf = aehyokCore2.mdf
		aehyokCore2_log.ldf = aehyokCore2_log.ldf
	EndProjectSection
EndProject
Project("{9A19103F-16F7-4668-BE54-9A1E7A4F7556}") = "aehyok.SignalR.Server", "aehyok.SignalR.Server\aehyok.SignalR.Server.csproj", "{3ED6984D-8CFC-4736-AAA8-E61E1641752E}"
EndProject
Project("{9A19103F-16F7-4668-BE54-9A1E7A4F7556}") = "aehyok.SignalR.Client", "aehyok.SignalR.Client\aehyok.SignalR.Client.csproj", "{7B3F191D-A842-4DF0-BAFB-F34FDF97EF09}"
EndProject
Project("{FAE04EC0-301F-11D3-BF4B-00C04F79EFBC}") = "aehyok.AliPay", "aehyok.AliPay\aehyok.AliPay.csproj", "{D3D296DE-111D-4B45-B93A-DFBD5638DF6B}"
EndProject
Global
	GlobalSection(SolutionConfigurationPlatforms) = preSolution
		Debug|Any CPU = Debug|Any CPU
		Release|Any CPU = Release|Any CPU
	EndGlobalSection
	GlobalSection(ProjectConfigurationPlatforms) = postSolution
		{A25B2A99-A051-45F3-8C46-436494B0A48A}.Debug|Any CPU.ActiveCfg = Debug|Any CPU
		{A25B2A99-A051-45F3-8C46-436494B0A48A}.Debug|Any CPU.Build.0 = Debug|Any CPU
		{A25B2A99-A051-45F3-8C46-436494B0A48A}.Release|Any CPU.ActiveCfg = Release|Any CPU
		{A25B2A99-A051-45F3-8C46-436494B0A48A}.Release|Any CPU.Build.0 = Release|Any CPU
		{D4442B7B-DA6C-43BF-AC51-03CE8E136D11}.Debug|Any CPU.ActiveCfg = Debug|Any CPU
		{D4442B7B-DA6C-43BF-AC51-03CE8E136D11}.Debug|Any CPU.Build.0 = Debug|Any CPU
		{D4442B7B-DA6C-43BF-AC51-03CE8E136D11}.Release|Any CPU.ActiveCfg = Release|Any CPU
		{D4442B7B-DA6C-43BF-AC51-03CE8E136D11}.Release|Any CPU.Build.0 = Release|Any CPU
		{8FFA194B-2429-4FE5-8AB7-B357D5E3C5BE}.Debug|Any CPU.ActiveCfg = Debug|Any CPU
		{8FFA194B-2429-4FE5-8AB7-B357D5E3C5BE}.Debug|Any CPU.Build.0 = Debug|Any CPU
		{8FFA194B-2429-4FE5-8AB7-B357D5E3C5BE}.Release|Any CPU.ActiveCfg = Release|Any CPU
		{8FFA194B-2429-4FE5-8AB7-B357D5E3C5BE}.Release|Any CPU.Build.0 = Release|Any CPU
		{43AA1010-1934-43D6-87E2-58F69FFF3C5F}.Debug|Any CPU.ActiveCfg = Debug|Any CPU
		{43AA1010-1934-43D6-87E2-58F69FFF3C5F}.Debug|Any CPU.Build.0 = Debug|Any CPU
		{43AA1010-1934-43D6-87E2-58F69FFF3C5F}.Release|Any CPU.ActiveCfg = Release|Any CPU
		{43AA1010-1934-43D6-87E2-58F69FFF3C5F}.Release|Any CPU.Build.0 = Release|Any CPU
		{42E34D34-6A4A-4444-A486-418A88850C23}.Debug|Any CPU.ActiveCfg = Debug|Any CPU
		{42E34D34-6A4A-4444-A486-418A88850C23}.Debug|Any CPU.Build.0 = Debug|Any CPU
		{42E34D34-6A4A-4444-A486-418A88850C23}.Release|Any CPU.ActiveCfg = Release|Any CPU
		{42E34D34-6A4A-4444-A486-418A88850C23}.Release|Any CPU.Build.0 = Release|Any CPU
		{F037C374-63A1-476D-A28B-BF7C64676705}.Debug|Any CPU.ActiveCfg = Debug|Any CPU
		{F037C374-63A1-476D-A28B-BF7C64676705}.Debug|Any CPU.Build.0 = Debug|Any CPU
		{F037C374-63A1-476D-A28B-BF7C64676705}.Release|Any CPU.ActiveCfg = Release|Any CPU
		{F037C374-63A1-476D-A28B-BF7C64676705}.Release|Any CPU.Build.0 = Release|Any CPU
		{0E558616-25EB-42E1-80E4-1D1F96D21A97}.Debug|Any CPU.ActiveCfg = Debug|Any CPU
		{0E558616-25EB-42E1-80E4-1D1F96D21A97}.Debug|Any CPU.Build.0 = Debug|Any CPU
		{0E558616-25EB-42E1-80E4-1D1F96D21A97}.Release|Any CPU.ActiveCfg = Release|Any CPU
		{0E558616-25EB-42E1-80E4-1D1F96D21A97}.Release|Any CPU.Build.0 = Release|Any CPU
		{4732AFE9-BA94-4F51-93BE-6FB0D8C0622B}.Debug|Any CPU.ActiveCfg = Debug|Any CPU
		{4732AFE9-BA94-4F51-93BE-6FB0D8C0622B}.Debug|Any CPU.Build.0 = Debug|Any CPU
		{4732AFE9-BA94-4F51-93BE-6FB0D8C0622B}.Release|Any CPU.ActiveCfg = Release|Any CPU
		{4732AFE9-BA94-4F51-93BE-6FB0D8C0622B}.Release|Any CPU.Build.0 = Release|Any CPU
		{79F56E4D-7EEA-4F1A-A94A-F8930CA731BD}.Debug|Any CPU.ActiveCfg = Debug|Any CPU
		{79F56E4D-7EEA-4F1A-A94A-F8930CA731BD}.Debug|Any CPU.Build.0 = Debug|Any CPU
		{79F56E4D-7EEA-4F1A-A94A-F8930CA731BD}.Release|Any CPU.ActiveCfg = Release|Any CPU
		{79F56E4D-7EEA-4F1A-A94A-F8930CA731BD}.Release|Any CPU.Build.0 = Release|Any CPU
		{5F20DCEB-6E42-4EF2-913A-B1C817A0AB7A}.Debug|Any CPU.ActiveCfg = Debug|Any CPU
		{5F20DCEB-6E42-4EF2-913A-B1C817A0AB7A}.Debug|Any CPU.Build.0 = Debug|Any CPU
		{5F20DCEB-6E42-4EF2-913A-B1C817A0AB7A}.Release|Any CPU.ActiveCfg = Release|Any CPU
		{5F20DCEB-6E42-4EF2-913A-B1C817A0AB7A}.Release|Any CPU.Build.0 = Release|Any CPU
		{60F1A58B-A162-4E2A-B640-E6A5F2835866}.Debug|Any CPU.ActiveCfg = Debug|Any CPU
		{60F1A58B-A162-4E2A-B640-E6A5F2835866}.Debug|Any CPU.Build.0 = Debug|Any CPU
		{60F1A58B-A162-4E2A-B640-E6A5F2835866}.Release|Any CPU.ActiveCfg = Release|Any CPU
		{60F1A58B-A162-4E2A-B640-E6A5F2835866}.Release|Any CPU.Build.0 = Release|Any CPU
		{DB420E68-96D6-44F8-A117-F3CE096993DC}.Debug|Any CPU.ActiveCfg = Debug|Any CPU
		{DB420E68-96D6-44F8-A117-F3CE096993DC}.Debug|Any CPU.Build.0 = Debug|Any CPU
		{DB420E68-96D6-44F8-A117-F3CE096993DC}.Release|Any CPU.ActiveCfg = Release|Any CPU
		{DB420E68-96D6-44F8-A117-F3CE096993DC}.Release|Any CPU.Build.0 = Release|Any CPU
		{EB36AD09-3AB1-456C-AE83-FCBC94D1E224}.Debug|Any CPU.ActiveCfg = Debug|Any CPU
		{EB36AD09-3AB1-456C-AE83-FCBC94D1E224}.Debug|Any CPU.Build.0 = Debug|Any CPU
		{EB36AD09-3AB1-456C-AE83-FCBC94D1E224}.Release|Any CPU.ActiveCfg = Release|Any CPU
		{EB36AD09-3AB1-456C-AE83-FCBC94D1E224}.Release|Any CPU.Build.0 = Release|Any CPU
		{55742852-A941-46D8-8630-2355E2B33FDB}.Debug|Any CPU.ActiveCfg = Debug|Any CPU
		{55742852-A941-46D8-8630-2355E2B33FDB}.Debug|Any CPU.Build.0 = Debug|Any CPU
		{55742852-A941-46D8-8630-2355E2B33FDB}.Release|Any CPU.ActiveCfg = Release|Any CPU
		{55742852-A941-46D8-8630-2355E2B33FDB}.Release|Any CPU.Build.0 = Release|Any CPU
		{35896C40-7CEF-40AC-AEED-86205A850B74}.Debug|Any CPU.ActiveCfg = Debug|Any CPU
		{35896C40-7CEF-40AC-AEED-86205A850B74}.Debug|Any CPU.Build.0 = Debug|Any CPU
		{35896C40-7CEF-40AC-AEED-86205A850B74}.Release|Any CPU.ActiveCfg = Release|Any CPU
		{35896C40-7CEF-40AC-AEED-86205A850B74}.Release|Any CPU.Build.0 = Release|Any CPU
		{FE2BDBB0-A9B5-450B-B0A6-D676FD2A618B}.Debug|Any CPU.ActiveCfg = Debug|Any CPU
		{FE2BDBB0-A9B5-450B-B0A6-D676FD2A618B}.Debug|Any CPU.Build.0 = Debug|Any CPU
		{FE2BDBB0-A9B5-450B-B0A6-D676FD2A618B}.Release|Any CPU.ActiveCfg = Release|Any CPU
		{FE2BDBB0-A9B5-450B-B0A6-D676FD2A618B}.Release|Any CPU.Build.0 = Release|Any CPU
		{33B31367-6C1F-486E-88E2-2F0AE7CDB6DC}.Debug|Any CPU.ActiveCfg = Debug|Any CPU
		{33B31367-6C1F-486E-88E2-2F0AE7CDB6DC}.Debug|Any CPU.Build.0 = Debug|Any CPU
		{33B31367-6C1F-486E-88E2-2F0AE7CDB6DC}.Release|Any CPU.ActiveCfg = Release|Any CPU
		{33B31367-6C1F-486E-88E2-2F0AE7CDB6DC}.Release|Any CPU.Build.0 = Release|Any CPU
		{3ED6984D-8CFC-4736-AAA8-E61E1641752E}.Debug|Any CPU.ActiveCfg = Debug|Any CPU
		{3ED6984D-8CFC-4736-AAA8-E61E1641752E}.Debug|Any CPU.Build.0 = Debug|Any CPU
		{3ED6984D-8CFC-4736-AAA8-E61E1641752E}.Release|Any CPU.ActiveCfg = Release|Any CPU
		{3ED6984D-8CFC-4736-AAA8-E61E1641752E}.Release|Any CPU.Build.0 = Release|Any CPU
		{7B3F191D-A842-4DF0-BAFB-F34FDF97EF09}.Debug|Any CPU.ActiveCfg = Debug|Any CPU
		{7B3F191D-A842-4DF0-BAFB-F34FDF97EF09}.Debug|Any CPU.Build.0 = Debug|Any CPU
		{7B3F191D-A842-4DF0-BAFB-F34FDF97EF09}.Release|Any CPU.ActiveCfg = Release|Any CPU
		{7B3F191D-A842-4DF0-BAFB-F34FDF97EF09}.Release|Any CPU.Build.0 = Release|Any CPU
		{D3D296DE-111D-4B45-B93A-DFBD5638DF6B}.Debug|Any CPU.ActiveCfg = Debug|Any CPU
		{D3D296DE-111D-4B45-B93A-DFBD5638DF6B}.Debug|Any CPU.Build.0 = Debug|Any CPU
		{D3D296DE-111D-4B45-B93A-DFBD5638DF6B}.Release|Any CPU.ActiveCfg = Release|Any CPU
		{D3D296DE-111D-4B45-B93A-DFBD5638DF6B}.Release|Any CPU.Build.0 = Release|Any CPU
	EndGlobalSection
	GlobalSection(SolutionProperties) = preSolution
		HideSolutionNode = FALSE
	EndGlobalSection
	GlobalSection(NestedProjects) = preSolution
		{A25B2A99-A051-45F3-8C46-436494B0A48A} = {28D18EC5-9238-470B-ADF1-2C0981669BDF}
		{D4442B7B-DA6C-43BF-AC51-03CE8E136D11} = {6D3952E2-C26B-44C5-BECB-B9C7EC7AE623}
		{8FFA194B-2429-4FE5-8AB7-B357D5E3C5BE} = {6D3952E2-C26B-44C5-BECB-B9C7EC7AE623}
		{43AA1010-1934-43D6-87E2-58F69FFF3C5F} = {28D18EC5-9238-470B-ADF1-2C0981669BDF}
		{42E34D34-6A4A-4444-A486-418A88850C23} = {6D3952E2-C26B-44C5-BECB-B9C7EC7AE623}
		{F037C374-63A1-476D-A28B-BF7C64676705} = {6D3952E2-C26B-44C5-BECB-B9C7EC7AE623}
		{0E558616-25EB-42E1-80E4-1D1F96D21A97} = {C36813B2-8C07-4648-91EC-0E8990F7156E}
		{4732AFE9-BA94-4F51-93BE-6FB0D8C0622B} = {382CF390-EAB7-4A0E-9576-DE8D9135AA3B}
		{79F56E4D-7EEA-4F1A-A94A-F8930CA731BD} = {382CF390-EAB7-4A0E-9576-DE8D9135AA3B}
		{5F20DCEB-6E42-4EF2-913A-B1C817A0AB7A} = {6D3952E2-C26B-44C5-BECB-B9C7EC7AE623}
		{60F1A58B-A162-4E2A-B640-E6A5F2835866} = {C36813B2-8C07-4648-91EC-0E8990F7156E}
		{DB420E68-96D6-44F8-A117-F3CE096993DC} = {C36813B2-8C07-4648-91EC-0E8990F7156E}
		{EB36AD09-3AB1-456C-AE83-FCBC94D1E224} = {C36813B2-8C07-4648-91EC-0E8990F7156E}
		{55742852-A941-46D8-8630-2355E2B33FDB} = {C36813B2-8C07-4648-91EC-0E8990F7156E}
		{35896C40-7CEF-40AC-AEED-86205A850B74} = {C36813B2-8C07-4648-91EC-0E8990F7156E}
		{FE2BDBB0-A9B5-450B-B0A6-D676FD2A618B} = {C36813B2-8C07-4648-91EC-0E8990F7156E}
		{33B31367-6C1F-486E-88E2-2F0AE7CDB6DC} = {6D3952E2-C26B-44C5-BECB-B9C7EC7AE623}
		{3ED6984D-8CFC-4736-AAA8-E61E1641752E} = {28D18EC5-9238-470B-ADF1-2C0981669BDF}
		{7B3F191D-A842-4DF0-BAFB-F34FDF97EF09} = {28D18EC5-9238-470B-ADF1-2C0981669BDF}
		{D3D296DE-111D-4B45-B93A-DFBD5638DF6B} = {C36813B2-8C07-4648-91EC-0E8990F7156E}
	EndGlobalSection
	GlobalSection(ExtensibilityGlobals) = postSolution
		SolutionGuid = {8B16BE8D-B320-4179-BD82-C4100A7FBC09}
	EndGlobalSection
EndGlobal
